
Microsoft Visual Studio Solution File, Format Version 12.00
# Visual Studio 2013
VisualStudioVersion = 12.0.21005.1
MinimumVisualStudioVersion = 10.0.40219.1
Project("{FAE04EC0-301F-11D3-BF4B-00C04F79EFBC}") = "oneSolutionForum.Web", "oneSolutionForum.Web\oneSolutionForum.Web.csproj", "{5B11A2D2-1B7D-427B-B4FA-045F63B41B9A}"
EndProject
Project("{FAE04EC0-301F-11D3-BF4B-00C04F79EFBC}") = "oneSolutionForum.Web.Tests", "oneSolutionForum.Web.Tests\oneSolutionForum.Web.Tests.csproj", "{AE46033F-E9E9-42A8-A9D9-4A9F8685E526}"
EndProject
Project("{FAE04EC0-301F-11D3-BF4B-00C04F79EFBC}") = "oneSolutionForum.Core", "oneSolutionForum.Core\oneSolutionForum.Core.csproj", "{A5BA054C-74BA-402D-ACA7-C35F95627965}"
EndProject
Project("{FAE04EC0-301F-11D3-BF4B-00C04F79EFBC}") = "oneSolutionForum.Infrastructure", "oneSolutionForum.Infrastructure\oneSolutionForum.Infrastructure.csproj", "{BE8F1B32-8BFD-4654-AF89-7AB9744DE3A4}"
EndProject
Global
	GlobalSection(SolutionConfigurationPlatforms) = preSolution
		Debug|Any CPU = Debug|Any CPU
		Release|Any CPU = Release|Any CPU
	EndGlobalSection
	GlobalSection(ProjectConfigurationPlatforms) = postSolution
		{5B11A2D2-1B7D-427B-B4FA-045F63B41B9A}.Debug|Any CPU.ActiveCfg = Debug|Any CPU
		{5B11A2D2-1B7D-427B-B4FA-045F63B41B9A}.Debug|Any CPU.Build.0 = Debug|Any CPU
		{5B11A2D2-1B7D-427B-B4FA-045F63B41B9A}.Release|Any CPU.ActiveCfg = Release|Any CPU
		{5B11A2D2-1B7D-427B-B4FA-045F63B41B9A}.Release|Any CPU.Build.0 = Release|Any CPU
		{AE46033F-E9E9-42A8-A9D9-4A9F8685E526}.Debug|Any CPU.ActiveCfg = Debug|Any CPU
		{AE46033F-E9E9-42A8-A9D9-4A9F8685E526}.Debug|Any CPU.Build.0 = Debug|Any CPU
		{AE46033F-E9E9-42A8-A9D9-4A9F8685E526}.Release|Any CPU.ActiveCfg = Release|Any CPU
		{AE46033F-E9E9-42A8-A9D9-4A9F8685E526}.Release|Any CPU.Build.0 = Release|Any CPU
		{A5BA054C-74BA-402D-ACA7-C35F95627965}.Debug|Any CPU.ActiveCfg = Debug|Any CPU
		{A5BA054C-74BA-402D-ACA7-C35F95627965}.Debug|Any CPU.Build.0 = Debug|Any CPU
		{A5BA054C-74BA-402D-ACA7-C35F95627965}.Release|Any CPU.ActiveCfg = Release|Any CPU
		{A5BA054C-74BA-402D-ACA7-C35F95627965}.Release|Any CPU.Build.0 = Release|Any CPU
		{BE8F1B32-8BFD-4654-AF89-7AB9744DE3A4}.Debug|Any CPU.ActiveCfg = Debug|Any CPU
		{BE8F1B32-8BFD-4654-AF89-7AB9744DE3A4}.Debug|Any CPU.Build.0 = Debug|Any CPU
		{BE8F1B32-8BFD-4654-AF89-7AB9744DE3A4}.Release|Any CPU.ActiveCfg = Release|Any CPU
		{BE8F1B32-8BFD-4654-AF89-7AB9744DE3A4}.Release|Any CPU.Build.0 = Release|Any CPU
	EndGlobalSection
	GlobalSection(SolutionProperties) = preSolution
		HideSolutionNode = FALSE
	EndGlobalSection
EndGlobal
